
Microsoft Visual Studio Solution File, Format Version 12.00
# Visual Studio Version 17
VisualStudioVersion = 17.9.34728.123
MinimumVisualStudioVersion = 10.0.40219.1
Project("{9A19103F-16F7-4668-BE54-9A1E7A4F7556}") = "Gadget.Intranet", "Gadget.Intranet\Gadget.Intranet.csproj", "{619B5813-4038-4D25-8EFB-7D516F745D33}"
EndProject
Project("{9A19103F-16F7-4668-BE54-9A1E7A4F7556}") = "Gadget.WWW", "Gadget.WWW\Gadget.WWW.csproj", "{75DFC2D1-8713-42A6-8A64-62CAA6CD2636}"
EndProject
Project("{9A19103F-16F7-4668-BE54-9A1E7A4F7556}") = "Gadget.Data", "Gadget.Data\Gadget.Data.csproj", "{5B623D50-0BEC-4421-979F-C48095914AD5}"
EndProject
Global
	GlobalSection(SolutionConfigurationPlatforms) = preSolution
		Debug|Any CPU = Debug|Any CPU
		Release|Any CPU = Release|Any CPU
	EndGlobalSection
	GlobalSection(ProjectConfigurationPlatforms) = postSolution
		{619B5813-4038-4D25-8EFB-7D516F745D33}.Debug|Any CPU.ActiveCfg = Debug|Any CPU
		{619B5813-4038-4D25-8EFB-7D516F745D33}.Debug|Any CPU.Build.0 = Debug|Any CPU
		{619B5813-4038-4D25-8EFB-7D516F745D33}.Release|Any CPU.ActiveCfg = Release|Any CPU
		{619B5813-4038-4D25-8EFB-7D516F745D33}.Release|Any CPU.Build.0 = Release|Any CPU
		{75DFC2D1-8713-42A6-8A64-62CAA6CD2636}.Debug|Any CPU.ActiveCfg = Debug|Any CPU
		{75DFC2D1-8713-42A6-8A64-62CAA6CD2636}.Debug|Any CPU.Build.0 = Debug|Any CPU
		{75DFC2D1-8713-42A6-8A64-62CAA6CD2636}.Release|Any CPU.ActiveCfg = Release|Any CPU
		{75DFC2D1-8713-42A6-8A64-62CAA6CD2636}.Release|Any CPU.Build.0 = Release|Any CPU
		{5B623D50-0BEC-4421-979F-C48095914AD5}.Debug|Any CPU.ActiveCfg = Debug|Any CPU
		{5B623D50-0BEC-4421-979F-C48095914AD5}.Debug|Any CPU.Build.0 = Debug|Any CPU
		{5B623D50-0BEC-4421-979F-C48095914AD5}.Release|Any CPU.ActiveCfg = Release|Any CPU
		{5B623D50-0BEC-4421-979F-C48095914AD5}.Release|Any CPU.Build.0 = Release|Any CPU
	EndGlobalSection
	GlobalSection(SolutionProperties) = preSolution
		HideSolutionNode = FALSE
	EndGlobalSection
	GlobalSection(ExtensibilityGlobals) = postSolution
		SolutionGuid = {3ACC5944-2A85-42DF-964A-341A1732EC7B}
	EndGlobalSection
EndGlobal
